
Microsoft Visual Studio Solution File, Format Version 12.00
# Visual Studio 15
VisualStudioVersion = 15.0.27703.2042
MinimumVisualStudioVersion = 10.0.40219.1
Project("{9A19103F-16F7-4668-BE54-9A1E7A4F7556}") = "NES", "NES\NES.csproj", "{403EFB34-302F-4F5B-A505-4D526B204843}"
EndProject
Project("{FAE04EC0-301F-11D3-BF4B-00C04F79EFBC}") = "TradeMarket", "TradeMarket\TradeMarket.csproj", "{79340778-94E7-4E4D-B124-D89445652430}"
EndProject
Global
	GlobalSection(SolutionConfigurationPlatforms) = preSolution
		Debug|Any CPU = Debug|Any CPU
		Release|Any CPU = Release|Any CPU
	EndGlobalSection
	GlobalSection(ProjectConfigurationPlatforms) = postSolution
		{403EFB34-302F-4F5B-A505-4D526B204843}.Debug|Any CPU.ActiveCfg = Debug|Any CPU
		{403EFB34-302F-4F5B-A505-4D526B204843}.Debug|Any CPU.Build.0 = Debug|Any CPU
		{403EFB34-302F-4F5B-A505-4D526B204843}.Release|Any CPU.ActiveCfg = Release|Any CPU
		{403EFB34-302F-4F5B-A505-4D526B204843}.Release|Any CPU.Build.0 = Release|Any CPU
		{79340778-94E7-4E4D-B124-D89445652430}.Debug|Any CPU.ActiveCfg = Debug|Any CPU
		{79340778-94E7-4E4D-B124-D89445652430}.Debug|Any CPU.Build.0 = Debug|Any CPU
		{79340778-94E7-4E4D-B124-D89445652430}.Release|Any CPU.ActiveCfg = Release|Any CPU
		{79340778-94E7-4E4D-B124-D89445652430}.Release|Any CPU.Build.0 = Release|Any CPU
	EndGlobalSection
	GlobalSection(SolutionProperties) = preSolution
		HideSolutionNode = FALSE
	EndGlobalSection
	GlobalSection(ExtensibilityGlobals) = postSolution
		SolutionGuid = {F6EB9AEA-2438-4B73-932E-BF77E1E07B09}
	EndGlobalSection
EndGlobal
